# THIS IS AN AUTOGENERATED FILE. DO NOT EDIT THIS FILE DIRECTLY.
# yarn lockfile v1


agent-base@^4.1.0:
  version "4.2.1"
  resolved "https://production-npm.thumbtack.com/agent-base/-/agent-base-4.2.1/d89e5999f797875674c07d87f260fc41e83e8ca9.tgz#d89e5999f797875674c07d87f260fc41e83e8ca9"
  dependencies:
    es6-promisify "^5.0.0"

async-limiter@~1.0.0:
  version "1.0.0"
  resolved "https://production-npm.thumbtack.com/async-limiter/-/async-limiter-1.0.0/78faed8c3d074ab81f22b4e985d79e8738f720f8.tgz#78faed8c3d074ab81f22b4e985d79e8738f720f8"

async@2.6.1:
  version "2.6.1"
  resolved "https://production-npm.thumbtack.com/async/-/async-2.6.1/b245a23ca71930044ec53fa46aa00a3e87c6a610.tgz#b245a23ca71930044ec53fa46aa00a3e87c6a610"
  dependencies:
    lodash "^4.17.10"

balanced-match@^1.0.0:
  version "1.0.0"
  resolved "https://production-npm.thumbtack.com/balanced-match/-/balanced-match-1.0.0/89b4d199ab2bee49de164ea02b89ce462d71b767.tgz#89b4d199ab2bee49de164ea02b89ce462d71b767"

bluebird@3.5.1:
  version "3.5.1"
  resolved "https://production-npm.thumbtack.com/bluebird/-/bluebird-3.5.1/d9551f9de98f1fcda1e683d17ee91a0602ee2eb9.tgz#d9551f9de98f1fcda1e683d17ee91a0602ee2eb9"

brace-expansion@^1.1.7:
  version "1.1.11"
  resolved "https://production-npm.thumbtack.com/brace-expansion/-/brace-expansion-1.1.11/3c7fcbf529d87226f3d2f52b966ff5271eb441dd.tgz#3c7fcbf529d87226f3d2f52b966ff5271eb441dd"
  dependencies:
    balanced-match "^1.0.0"
    concat-map "0.0.1"

bson@~1.0.4, bson@~1.0.5:
  version "1.0.9"
  resolved "https://production-npm.thumbtack.com/bson/-/bson-1.0.9/12319f8323b1254739b7c6bef8d3e89ae05a2f57.tgz#12319f8323b1254739b7c6bef8d3e89ae05a2f57"

buffer-from@^1.0.0:
  version "1.1.1"
  resolved "https://production-npm.thumbtack.com/buffer-from/-/buffer-from-1.1.1/32713bc028f75c02fdb710d7c7bcec1f2c6070ef.tgz#32713bc028f75c02fdb710d7c7bcec1f2c6070ef"

commander@^2.17.1:
  version "2.17.1"
  resolved "https://production-npm.thumbtack.com/commander/-/commander-2.17.1/bd77ab7de6de94205ceacc72f1716d29f20a77bf.tgz#bd77ab7de6de94205ceacc72f1716d29f20a77bf"

concat-map@0.0.1:
  version "0.0.1"
  resolved "https://production-npm.thumbtack.com/concat-map/-/concat-map-0.0.1/d8a96bd77fd68df7793a73036a3ba0d5405d477b.tgz#d8a96bd77fd68df7793a73036a3ba0d5405d477b"

concat-stream@1.6.2:
  version "1.6.2"
  resolved "https://production-npm.thumbtack.com/concat-stream/-/concat-stream-1.6.2/904bdf194cd3122fc675c77fc4ac3d4ff0fd1a34.tgz#904bdf194cd3122fc675c77fc4ac3d4ff0fd1a34"
  dependencies:
    buffer-from "^1.0.0"
    inherits "^2.0.3"
    readable-stream "^2.2.2"
    typedarray "^0.0.6"

core-util-is@~1.0.0:
  version "1.0.2"
  resolved "https://production-npm.thumbtack.com/core-util-is/-/core-util-is-1.0.2/b5fd54220aa2bc5ab57aab7140c940754503c1a7.tgz#b5fd54220aa2bc5ab57aab7140c940754503c1a7"

debug@2.6.9:
  version "2.6.9"
  resolved "https://production-npm.thumbtack.com/debug/-/debug-2.6.9/5d128515df134ff327e90a4c93f4e077a536341f.tgz#5d128515df134ff327e90a4c93f4e077a536341f"
  dependencies:
    ms "2.0.0"

debug@3.1.0, debug@^3.1.0:
  version "3.1.0"
  resolved "https://production-npm.thumbtack.com/debug/-/debug-3.1.0/5bb5a0672628b64149566ba16819e61518c67261.tgz#5bb5a0672628b64149566ba16819e61518c67261"
  dependencies:
    ms "2.0.0"

es6-promise@^4.0.3:
  version "4.2.4"
  resolved "https://production-npm.thumbtack.com/es6-promise/-/es6-promise-4.2.4/dc4221c2b16518760bd8c39a52d8f356fc00ed29.tgz#dc4221c2b16518760bd8c39a52d8f356fc00ed29"

es6-promisify@^5.0.0:
  version "5.0.0"
  resolved "https://production-npm.thumbtack.com/es6-promisify/-/es6-promisify-5.0.0/5109d62f3e56ea967c4b63505aef08291c8a5203.tgz#5109d62f3e56ea967c4b63505aef08291c8a5203"
  dependencies:
    es6-promise "^4.0.3"

extract-zip@^1.6.6:
  version "1.6.7"
  resolved "https://production-npm.thumbtack.com/extract-zip/-/extract-zip-1.6.7/a840b4b8af6403264c8db57f4f1a74333ef81fe9.tgz#a840b4b8af6403264c8db57f4f1a74333ef81fe9"
  dependencies:
    concat-stream "1.6.2"
    debug "2.6.9"
    mkdirp "0.5.1"
    yauzl "2.4.1"

fd-slicer@~1.0.1:
  version "1.0.1"
  resolved "https://production-npm.thumbtack.com/fd-slicer/-/fd-slicer-1.0.1/8b5bcbd9ec327c5041bf9ab023fd6750f1177e65.tgz#8b5bcbd9ec327c5041bf9ab023fd6750f1177e65"
  dependencies:
    pend "~1.2.0"

fs.realpath@^1.0.0:
  version "1.0.0"
  resolved "https://production-npm.thumbtack.com/fs.realpath/-/fs.realpath-1.0.0/1504ad2523158caa40db4a2787cb01411994ea4f.tgz#1504ad2523158caa40db4a2787cb01411994ea4f"

glob@^7.0.5:
  version "7.1.2"
  resolved "https://production-npm.thumbtack.com/glob/-/glob-7.1.2/c19c9df9a028702d678612384a6552404c636d15.tgz#c19c9df9a028702d678612384a6552404c636d15"
  dependencies:
    fs.realpath "^1.0.0"
    inflight "^1.0.4"
    inherits "2"
    minimatch "^3.0.4"
    once "^1.3.0"
    path-is-absolute "^1.0.0"

https-proxy-agent@^2.2.1:
  version "2.2.1"
  resolved "https://production-npm.thumbtack.com/https-proxy-agent/-/https-proxy-agent-2.2.1/51552970fa04d723e04c56d04178c3f92592bbc0.tgz#51552970fa04d723e04c56d04178c3f92592bbc0"
  dependencies:
    agent-base "^4.1.0"
    debug "^3.1.0"

inflight@^1.0.4:
  version "1.0.6"
  resolved "https://production-npm.thumbtack.com/inflight/-/inflight-1.0.6/49bd6331d7d02d0c09bc910a1075ba8165b56df9.tgz#49bd6331d7d02d0c09bc910a1075ba8165b56df9"
  dependencies:
    once "^1.3.0"
    wrappy "1"

inherits@2, inherits@^2.0.3, inherits@~2.0.3:
  version "2.0.3"
  resolved "https://production-npm.thumbtack.com/inherits/-/inherits-2.0.3/633c2c83e3da42a502f52466022480f4208261de.tgz#633c2c83e3da42a502f52466022480f4208261de"

isarray@~1.0.0:
  version "1.0.0"
  resolved "https://production-npm.thumbtack.com/isarray/-/isarray-1.0.0/bb935d48582cba168c06834957a54a3e07124f11.tgz#bb935d48582cba168c06834957a54a3e07124f11"

kareem@2.2.1:
  version "2.2.1"
  resolved "https://production-npm.thumbtack.com/kareem/-/kareem-2.2.1/9950809415aa3cde62ab43b4f7b919d99816e015.tgz#9950809415aa3cde62ab43b4f7b919d99816e015"

lodash.get@4.4.2:
  version "4.4.2"
  resolved "https://production-npm.thumbtack.com/lodash.get/-/lodash.get-4.4.2/2d177f652fa31e939b4438d5341499dfa3825e99.tgz#2d177f652fa31e939b4438d5341499dfa3825e99"

lodash@^4.17.10:
  version "4.17.10"
  resolved "https://production-npm.thumbtack.com/lodash/-/lodash-4.17.10/1b7793cf7259ea38fb3661d4d38b3260af8ae4e7.tgz#1b7793cf7259ea38fb3661d4d38b3260af8ae4e7"

mime@^2.0.3:
  version "2.3.1"
  resolved "https://production-npm.thumbtack.com/mime/-/mime-2.3.1/b1621c54d63b97c47d3cfe7f7215f7d64517c369.tgz#b1621c54d63b97c47d3cfe7f7215f7d64517c369"

minimatch@^3.0.4:
  version "3.0.4"
  resolved "https://production-npm.thumbtack.com/minimatch/-/minimatch-3.0.4/5166e286457f03306064be5497e8dbb0c3d32083.tgz#5166e286457f03306064be5497e8dbb0c3d32083"
  dependencies:
    brace-expansion "^1.1.7"

minimist@0.0.8:
  version "0.0.8"
  resolved "https://production-npm.thumbtack.com/minimist/-/minimist-0.0.8/857fcabfc3397d2625b8228262e86aa7a011b05d.tgz#857fcabfc3397d2625b8228262e86aa7a011b05d"

mkdirp@0.5.1:
  version "0.5.1"
  resolved "https://production-npm.thumbtack.com/mkdirp/-/mkdirp-0.5.1/30057438eac6cf7f8c4767f38648d6697d75c903.tgz#30057438eac6cf7f8c4767f38648d6697d75c903"
  dependencies:
    minimist "0.0.8"

mongodb-core@3.1.0:
  version "3.1.0"
  resolved "https://production-npm.thumbtack.com/mongodb-core/-/mongodb-core-3.1.0/af91f36fd560ed785f4e61e694432df4d3698aad.tgz#af91f36fd560ed785f4e61e694432df4d3698aad"
  dependencies:
    bson "~1.0.4"
    require_optional "^1.0.1"
  optionalDependencies:
    saslprep "^1.0.0"

mongodb@3.1.1:
  version "3.1.1"
  resolved "https://production-npm.thumbtack.com/mongodb/-/mongodb-3.1.1/c018c4b277614e8b1e08426d5bcbe1a7e5cdbd74.tgz#c018c4b277614e8b1e08426d5bcbe1a7e5cdbd74"
  dependencies:
    mongodb-core "3.1.0"

mongoose-legacy-pluralize@1.0.2:
  version "1.0.2"
  resolved "https://production-npm.thumbtack.com/mongoose-legacy-pluralize/-/mongoose-legacy-pluralize-1.0.2/3ba9f91fa507b5186d399fb40854bff18fb563e4.tgz#3ba9f91fa507b5186d399fb40854bff18fb563e4"

mongoose@^5.2.7:
  version "5.2.7"
  resolved "https://production-npm.thumbtack.com/mongoose/-/mongoose-5.2.7/679a682cc744f7fbcc14f23df77e9d8d5dfd043d.tgz#679a682cc744f7fbcc14f23df77e9d8d5dfd043d"
  dependencies:
    async "2.6.1"
    bson "~1.0.5"
    kareem "2.2.1"
    lodash.get "4.4.2"
    mongodb "3.1.1"
    mongodb-core "3.1.0"
    mongoose-legacy-pluralize "1.0.2"
    mpath "0.4.1"
    mquery "3.1.2"
    ms "2.0.0"
    regexp-clone "0.0.1"
    sliced "1.0.1"

mpath@0.4.1:
  version "0.4.1"
  resolved "https://production-npm.thumbtack.com/mpath/-/mpath-0.4.1/ed10388430380bf7bbb5be1391e5d6969cb08e89.tgz#ed10388430380bf7bbb5be1391e5d6969cb08e89"

mquery@3.1.2:
  version "3.1.2"
  resolved "https://production-npm.thumbtack.com/mquery/-/mquery-3.1.2/46c2ea6d7a08c9b9e0716022fb2990708ddba9ff.tgz#46c2ea6d7a08c9b9e0716022fb2990708ddba9ff"
  dependencies:
    bluebird "3.5.1"
    debug "3.1.0"
    regexp-clone "0.0.1"
    sliced "1.0.1"

ms@2.0.0:
  version "2.0.0"
  resolved "https://production-npm.thumbtack.com/ms/-/ms-2.0.0/5608aeadfc00be6c2901df5f9861788de0d597c8.tgz#5608aeadfc00be6c2901df5f9861788de0d597c8"

once@^1.3.0:
  version "1.4.0"
  resolved "https://production-npm.thumbtack.com/once/-/once-1.4.0/583b1aa775961d4b113ac17d9c50baef9dd76bd1.tgz#583b1aa775961d4b113ac17d9c50baef9dd76bd1"
  dependencies:
    wrappy "1"

path-is-absolute@^1.0.0:
  version "1.0.1"
  resolved "https://production-npm.thumbtack.com/path-is-absolute/-/path-is-absolute-1.0.1/174b9268735534ffbc7ace6bf53a5a9e1b5c5f5f.tgz#174b9268735534ffbc7ace6bf53a5a9e1b5c5f5f"

pend@~1.2.0:
  version "1.2.0"
  resolved "https://production-npm.thumbtack.com/pend/-/pend-1.2.0/7a57eb550a6783f9115331fcf4663d5c8e007a50.tgz#7a57eb550a6783f9115331fcf4663d5c8e007a50"

process-nextick-args@~2.0.0:
  version "2.0.0"
  resolved "https://production-npm.thumbtack.com/process-nextick-args/-/process-nextick-args-2.0.0/a37d732f4271b4ab1ad070d35508e8290788ffaa.tgz#a37d732f4271b4ab1ad070d35508e8290788ffaa"

progress@^2.0.0:
  version "2.0.0"
  resolved "https://production-npm.thumbtack.com/progress/-/progress-2.0.0/8a1be366bf8fc23db2bd23f10c6fe920b4389d1f.tgz#8a1be366bf8fc23db2bd23f10c6fe920b4389d1f"

proxy-from-env@^1.0.0:
  version "1.0.0"
  resolved "https://production-npm.thumbtack.com/proxy-from-env/-/proxy-from-env-1.0.0/33c50398f70ea7eb96d21f7b817630a55791c7ee.tgz#33c50398f70ea7eb96d21f7b817630a55791c7ee"

puppeteer@^1.7.0:
  version "1.7.0"
  resolved "https://production-npm.thumbtack.com/puppeteer/-/puppeteer-1.7.0/edcba2300a50847202c0f19fd15e7a96171ff3bd.tgz#edcba2300a50847202c0f19fd15e7a96171ff3bd"
  dependencies:
    debug "^3.1.0"
    extract-zip "^1.6.6"
    https-proxy-agent "^2.2.1"
    mime "^2.0.3"
    progress "^2.0.0"
    proxy-from-env "^1.0.0"
    rimraf "^2.6.1"
    ws "^5.1.1"

readable-stream@^2.2.2:
  version "2.3.6"
  resolved "https://production-npm.thumbtack.com/readable-stream/-/readable-stream-2.3.6/b11c27d88b8ff1fbe070643cf94b0c79ae1b0aaf.tgz#b11c27d88b8ff1fbe070643cf94b0c79ae1b0aaf"
  dependencies:
    core-util-is "~1.0.0"
    inherits "~2.0.3"
    isarray "~1.0.0"
    process-nextick-args "~2.0.0"
    safe-buffer "~5.1.1"
    string_decoder "~1.1.1"
    util-deprecate "~1.0.1"

regexp-clone@0.0.1:
  version "0.0.1"
  resolved "https://production-npm.thumbtack.com/regexp-clone/-/regexp-clone-0.0.1/a7c2e09891fdbf38fbb10d376fb73003e68ac589.tgz#a7c2e09891fdbf38fbb10d376fb73003e68ac589"

require_optional@^1.0.1:
  version "1.0.1"
  resolved "https://production-npm.thumbtack.com/require_optional/-/require_optional-1.0.1/4cf35a4247f64ca3df8c2ef208cc494b1ca8fc2e.tgz#4cf35a4247f64ca3df8c2ef208cc494b1ca8fc2e"
  dependencies:
    resolve-from "^2.0.0"
    semver "^5.1.0"

resolve-from@^2.0.0:
  version "2.0.0"
  resolved "https://production-npm.thumbtack.com/resolve-from/-/resolve-from-2.0.0/9480ab20e94ffa1d9e80a804c7ea147611966b57.tgz#9480ab20e94ffa1d9e80a804c7ea147611966b57"

rimraf@^2.6.1:
  version "2.6.2"
  resolved "https://production-npm.thumbtack.com/rimraf/-/rimraf-2.6.2/2ed8150d24a16ea8651e6d6ef0f47c4158ce7a36.tgz#2ed8150d24a16ea8651e6d6ef0f47c4158ce7a36"
  dependencies:
    glob "^7.0.5"

safe-buffer@~5.1.0, safe-buffer@~5.1.1:
  version "5.1.2"
  resolved "https://production-npm.thumbtack.com/safe-buffer/-/safe-buffer-5.1.2/991ec69d296e0313747d59bdfd2b745c35f8828d.tgz#991ec69d296e0313747d59bdfd2b745c35f8828d"

saslprep@^1.0.0:
  version "1.0.1"
  resolved "https://production-npm.thumbtack.com/saslprep/-/saslprep-1.0.1/b644e0ba25b156b652f3cb90df7542f896049ba6.tgz#b644e0ba25b156b652f3cb90df7542f896049ba6"

semver@^5.1.0:
  version "5.5.0"
  resolved "https://production-npm.thumbtack.com/semver/-/semver-5.5.0/dc4bbc7a6ca9d916dee5d43516f0092b58f7b8ab.tgz#dc4bbc7a6ca9d916dee5d43516f0092b58f7b8ab"

sliced@1.0.1:
  version "1.0.1"
  resolved "https://production-npm.thumbtack.com/sliced/-/sliced-1.0.1/0b3a662b5d04c3177b1926bea82b03f837a2ef41.tgz#0b3a662b5d04c3177b1926bea82b03f837a2ef41"

string_decoder@~1.1.1:
  version "1.1.1"
  resolved "https://production-npm.thumbtack.com/string_decoder/-/string_decoder-1.1.1/9cf1611ba62685d7030ae9e4ba34149c3af03fc8.tgz#9cf1611ba62685d7030ae9e4ba34149c3af03fc8"
  dependencies:
    safe-buffer "~5.1.0"

typedarray@^0.0.6:
  version "0.0.6"
  resolved "https://production-npm.thumbtack.com/typedarray/-/typedarray-0.0.6/867ac74e3864187b1d3d47d996a78ec5c8830777.tgz#867ac74e3864187b1d3d47d996a78ec5c8830777"

util-deprecate@~1.0.1:
  version "1.0.2"
  resolved "https://production-npm.thumbtack.com/util-deprecate/-/util-deprecate-1.0.2/450d4dc9fa70de732762fbd2d4a28981419a0ccf.tgz#450d4dc9fa70de732762fbd2d4a28981419a0ccf"

wrappy@1:
  version "1.0.2"
  resolved "https://production-npm.thumbtack.com/wrappy/-/wrappy-1.0.2/b5243d8f3ec1aa35f1364605bc0d1036e30ab69f.tgz#b5243d8f3ec1aa35f1364605bc0d1036e30ab69f"

ws@^5.1.1:
  version "5.2.2"
  resolved "https://production-npm.thumbtack.com/ws/-/ws-5.2.2/dffef14866b8e8dc9133582514d1befaf96e980f.tgz#dffef14866b8e8dc9133582514d1befaf96e980f"
  dependencies:
    async-limiter "~1.0.0"

yauzl@2.4.1:
  version "2.4.1"
  resolved "https://production-npm.thumbtack.com/yauzl/-/yauzl-2.4.1/9528f442dab1b2284e58b4379bb194e22e0c4005.tgz#9528f442dab1b2284e58b4379bb194e22e0c4005"
  dependencies:
    fd-slicer "~1.0.1"
